// !$*UTF8*$!
{
	archiveVersion = 1;
	classes = {
	};
	objectVersion = 56;
	objects = {

/* Begin PBXBuildFile section */
		EC0583692B04B29F00ADF3AF /* LikedSongsView.swift in Sources */ = {isa = PBXBuildFile; fileRef = EC0583682B04B29F00ADF3AF /* LikedSongsView.swift */; };
		EC05836B2B04B47E00ADF3AF /* Playlist.swift in Sources */ = {isa = PBXBuildFile; fileRef = EC05836A2B04B47E00ADF3AF /* Playlist.swift */; };
		EC05836D2B04BC9500ADF3AF /* WaveOverlayShape.swift in Sources */ = {isa = PBXBuildFile; fileRef = EC05836C2B04BC9500ADF3AF /* WaveOverlayShape.swift */; };
		EC0583702B04CBAB00ADF3AF /* LibraryView.swift in Sources */ = {isa = PBXBuildFile; fileRef = EC05836F2B04CBAB00ADF3AF /* LibraryView.swift */; };
		EC0583722B04D0C800ADF3AF /* Song.swift in Sources */ = {isa = PBXBuildFile; fileRef = EC0583712B04D0C800ADF3AF /* Song.swift */; };
		EC0583742B04D0DB00ADF3AF /* PlaylistDetailView.swift in Sources */ = {isa = PBXBuildFile; fileRef = EC0583732B04D0DB00ADF3AF /* PlaylistDetailView.swift */; };
		EC0583782B04DF5E00ADF3AF /* AddToPlaylistView.swift in Sources */ = {isa = PBXBuildFile; fileRef = EC0583772B04DF5E00ADF3AF /* AddToPlaylistView.swift */; };
		ECCF12ED2B0402C300750B61 /* RecommendationChallengeApp.swift in Sources */ = {isa = PBXBuildFile; fileRef = ECCF12EC2B0402C300750B61 /* RecommendationChallengeApp.swift */; };
		ECCF12EF2B0402C300750B61 /* ContentView.swift in Sources */ = {isa = PBXBuildFile; fileRef = ECCF12EE2B0402C300750B61 /* ContentView.swift */; };
		ECCF12F12B0402C400750B61 /* Assets.xcassets in Resources */ = {isa = PBXBuildFile; fileRef = ECCF12F02B0402C400750B61 /* Assets.xcassets */; };
		ECCF12F42B0402C400750B61 /* Preview Assets.xcassets in Resources */ = {isa = PBXBuildFile; fileRef = ECCF12F32B0402C400750B61 /* Preview Assets.xcassets */; };
/* End PBXBuildFile section */

/* Begin PBXFileReference section */
		EC0583682B04B29F00ADF3AF /* LikedSongsView.swift */ = {isa = PBXFileReference; lastKnownFileType = sourcecode.swift; path = LikedSongsView.swift; sourceTree = "<group>"; };
		EC05836A2B04B47E00ADF3AF /* Playlist.swift */ = {isa = PBXFileReference; lastKnownFileType = sourcecode.swift; path = Playlist.swift; sourceTree = "<group>"; };
		EC05836C2B04BC9500ADF3AF /* WaveOverlayShape.swift */ = {isa = PBXFileReference; lastKnownFileType = sourcecode.swift; path = WaveOverlayShape.swift; sourceTree = "<group>"; };
		EC05836F2B04CBAB00ADF3AF /* LibraryView.swift */ = {isa = PBXFileReference; lastKnownFileType = sourcecode.swift; path = LibraryView.swift; sourceTree = "<group>"; };
		EC0583712B04D0C800ADF3AF /* Song.swift */ = {isa = PBXFileReference; lastKnownFileType = sourcecode.swift; path = Song.swift; sourceTree = "<group>"; };
		EC0583732B04D0DB00ADF3AF /* PlaylistDetailView.swift */ = {isa = PBXFileReference; lastKnownFileType = sourcecode.swift; path = PlaylistDetailView.swift; sourceTree = "<group>"; };
		EC0583772B04DF5E00ADF3AF /* AddToPlaylistView.swift */ = {isa = PBXFileReference; lastKnownFileType = sourcecode.swift; path = AddToPlaylistView.swift; sourceTree = "<group>"; };
		ECCF12E92B0402C300750B61 /* RecommendationChallenge.app */ = {isa = PBXFileReference; explicitFileType = wrapper.application; includeInIndex = 0; path = RecommendationChallenge.app; sourceTree = BUILT_PRODUCTS_DIR; };
		ECCF12EC2B0402C300750B61 /* RecommendationChallengeApp.swift */ = {isa = PBXFileReference; lastKnownFileType = sourcecode.swift; path = RecommendationChallengeApp.swift; sourceTree = "<group>"; };
		ECCF12EE2B0402C300750B61 /* ContentView.swift */ = {isa = PBXFileReference; lastKnownFileType = sourcecode.swift; path = ContentView.swift; sourceTree = "<group>"; };
		ECCF12F02B0402C400750B61 /* Assets.xcassets */ = {isa = PBXFileReference; lastKnownFileType = folder.assetcatalog; path = Assets.xcassets; sourceTree = "<group>"; };
		ECCF12F32B0402C400750B61 /* Preview Assets.xcassets */ = {isa = PBXFileReference; lastKnownFileType = folder.assetcatalog; path = "Preview Assets.xcassets"; sourceTree = "<group>"; };
/* End PBXFileReference section */

/* Begin PBXFrameworksBuildPhase section */
		ECCF12E62B0402C300750B61 /* Frameworks */ = {
			isa = PBXFrameworksBuildPhase;
			buildActionMask = 2147483647;
			files = (
			);
			runOnlyForDeploymentPostprocessing = 0;
		};
/* End PBXFrameworksBuildPhase section */

/* Begin PBXGroup section */
		EC05836E2B04CB6B00ADF3AF /* Test */ = {
			isa = PBXGroup;
			children = (
				EC0583682B04B29F00ADF3AF /* LikedSongsView.swift */,
				ECCF12EE2B0402C300750B61 /* ContentView.swift */,
				EC05836C2B04BC9500ADF3AF /* WaveOverlayShape.swift */,
			);
			path = Test;
			sourceTree = "<group>";
		};
		ECCF12E02B0402C300750B61 = {
			isa = PBXGroup;
			children = (
				EC0583772B04DF5E00ADF3AF /* AddToPlaylistView.swift */,
				ECCF12EB2B0402C300750B61 /* RecommendationChallenge */,
				ECCF12EA2B0402C300750B61 /* Products */,
			);
			sourceTree = "<group>";
		};
		ECCF12EA2B0402C300750B61 /* Products */ = {
			isa = PBXGroup;
			children = (
				ECCF12E92B0402C300750B61 /* RecommendationChallenge.app */,
			);
			name = Products;
			sourceTree = "<group>";
		};
		ECCF12EB2B0402C300750B61 /* RecommendationChallenge */ = {
			isa = PBXGroup;
			children = (
				EC05836E2B04CB6B00ADF3AF /* Test */,
				ECCF12EC2B0402C300750B61 /* RecommendationChallengeApp.swift */,
				EC0583732B04D0DB00ADF3AF /* PlaylistDetailView.swift */,
				EC05836A2B04B47E00ADF3AF /* Playlist.swift */,
				EC0583712B04D0C800ADF3AF /* Song.swift */,
				EC05836F2B04CBAB00ADF3AF /* LibraryView.swift */,
				ECCF12F02B0402C400750B61 /* Assets.xcassets */,
				ECCF12F22B0402C400750B61 /* Preview Content */,
			);
			path = RecommendationChallenge;
			sourceTree = "<group>";
		};
		ECCF12F22B0402C400750B61 /* Preview Content */ = {
			isa = PBXGroup;
			children = (
				ECCF12F32B0402C400750B61 /* Preview Assets.xcassets */,
			);
			path = "Preview Content";
			sourceTree = "<group>";
		};
/* End PBXGroup section */

/* Begin PBXNativeTarget section */
		ECCF12E82B0402C300750B61 /* RecommendationChallenge */ = {
			isa = PBXNativeTarget;
			buildConfigurationList = ECCF12F72B0402C400750B61 /* Build configuration list for PBXNativeTarget "RecommendationChallenge" */;
			buildPhases = (
				ECCF12E52B0402C300750B61 /* Sources */,
				ECCF12E62B0402C300750B61 /* Frameworks */,
				ECCF12E72B0402C300750B61 /* Resources */,
			);
			buildRules = (
			);
			dependencies = (
			);
			name = RecommendationChallenge;
			productName = RecommendationChallenge;
			productReference = ECCF12E92B0402C300750B61 /* RecommendationChallenge.app */;
			productType = "com.apple.product-type.application";
		};
/* End PBXNativeTarget section */

/* Begin PBXProject section */
		ECCF12E12B0402C300750B61 /* Project object */ = {
			isa = PBXProject;
			attributes = {
				BuildIndependentTargetsInParallel = 1;
				LastSwiftUpdateCheck = 1500;
				LastUpgradeCheck = 1500;
				TargetAttributes = {
					ECCF12E82B0402C300750B61 = {
						CreatedOnToolsVersion = 15.0;
					};
				};
			};
			buildConfigurationList = ECCF12E42B0402C300750B61 /* Build configuration list for PBXProject "RecommendationChallenge" */;
			compatibilityVersion = "Xcode 14.0";
			developmentRegion = en;
			hasScannedForEncodings = 0;
			knownRegions = (
				en,
				Base,
			);
			mainGroup = ECCF12E02B0402C300750B61;
			productRefGroup = ECCF12EA2B0402C300750B61 /* Products */;
			projectDirPath = "";
			projectRoot = "";
			targets = (
				ECCF12E82B0402C300750B61 /* RecommendationChallenge */,
			);
		};
/* End PBXProject section */

/* Begin PBXResourcesBuildPhase section */
		ECCF12E72B0402C300750B61 /* Resources */ = {
			isa = PBXResourcesBuildPhase;
			buildActionMask = 2147483647;
			files = (
				ECCF12F42B0402C400750B61 /* Preview Assets.xcassets in Resources */,
				ECCF12F12B0402C400750B61 /* Assets.xcassets in Resources */,
			);
			runOnlyForDeploymentPostprocessing = 0;
		};
/* End PBXResourcesBuildPhase section */

/* Begin PBXSourcesBuildPhase section */
		ECCF12E52B0402C300750B61 /* Sources */ = {
			isa = PBXSourcesBuildPhase;
			buildActionMask = 2147483647;
			files = (
				EC0583782B04DF5E00ADF3AF /* AddToPlaylistView.swift in Sources */,
				EC0583722B04D0C800ADF3AF /* Song.swift in Sources */,
				ECCF12EF2B0402C300750B61 /* ContentView.swift in Sources */,
				EC0583742B04D0DB00ADF3AF /* PlaylistDetailView.swift in Sources */,
				ECCF12ED2B0402C300750B61 /* RecommendationChallengeApp.swift in Sources */,
				EC0583692B04B29F00ADF3AF /* LikedSongsView.swift in Sources */,
				EC05836D2B04BC9500ADF3AF /* WaveOverlayShape.swift in Sources */,
				EC0583702B04CBAB00ADF3AF /* LibraryView.swift in Sources */,
				EC05836B2B04B47E00ADF3AF /* Playlist.swift in Sources */,
			);
			runOnlyForDeploymentPostprocessing = 0;
		};
/* End PBXSourcesBuildPhase section */

/* Begin XCBuildConfiguration section */
		ECCF12F52B0402C400750B61 /* Debug */ = {
			isa = XCBuildConfiguration;
			buildSettings = {
				ALWAYS_SEARCH_USER_PATHS = NO;
				ASSETCATALOG_COMPILER_GENERATE_SWIFT_ASSET_SYMBOL_EXTENSIONS = YES;
				CLANG_ANALYZER_NONNULL = YES;
				CLANG_ANALYZER_NUMBER_OBJECT_CONVERSION = YES_AGGRESSIVE;
				CLANG_CXX_LANGUAGE_STANDARD = "gnu++20";
				CLANG_ENABLE_MODULES = YES;
				CLANG_ENABLE_OBJC_ARC = YES;
				CLANG_ENABLE_OBJC_WEAK = YES;
				CLANG_WARN_BLOCK_CAPTURE_AUTORELEASING = YES;
				CLANG_WARN_BOOL_CONVERSION = YES;
				CLANG_WARN_COMMA = YES;
				CLANG_WARN_CONSTANT_CONVERSION = YES;
				CLANG_WARN_DEPRECATED_OBJC_IMPLEMENTATIONS = YES;
				CLANG_WARN_DIRECT_OBJC_ISA_USAGE = YES_ERROR;
				CLANG_WARN_DOCUMENTATION_COMMENTS = YES;
				CLANG_WARN_EMPTY_BODY = YES;
				CLANG_WARN_ENUM_CONVERSION = YES;
				CLANG_WARN_INFINITE_RECURSION = YES;
				CLANG_WARN_INT_CONVERSION = YES;
				CLANG_WARN_NON_LITERAL_NULL_CONVERSION = YES;
				CLANG_WARN_OBJC_IMPLICIT_RETAIN_SELF = YES;
				CLANG_WARN_OBJC_LITERAL_CONVERSION = YES;
				CLANG_WARN_OBJC_ROOT_CLASS = YES_ERROR;
				CLANG_WARN_QUOTED_INCLUDE_IN_FRAMEWORK_HEADER = YES;
				CLANG_WARN_RANGE_LOOP_ANALYSIS = YES;
				CLANG_WARN_STRICT_PROTOTYPES = YES;
				CLANG_WARN_SUSPICIOUS_MOVE = YES;
				CLANG_WARN_UNGUARDED_AVAILABILITY = YES_AGGRESSIVE;
				CLANG_WARN_UNREACHABLE_CODE = YES;
				CLANG_WARN__DUPLICATE_METHOD_MATCH = YES;
				COPY_PHASE_STRIP = NO;
				DEBUG_INFORMATION_FORMAT = dwarf;
				ENABLE_STRICT_OBJC_MSGSEND = YES;
				ENABLE_TESTABILITY = YES;
				ENABLE_USER_SCRIPT_SANDBOXING = YES;
				GCC_C_LANGUAGE_STANDARD = gnu17;
				GCC_DYNAMIC_NO_PIC = NO;
				GCC_NO_COMMON_BLOCKS = YES;
				GCC_OPTIMIZATION_LEVEL = 0;
				GCC_PREPROCESSOR_DEFINITIONS = (
					"DEBUG=1",
					"$(inherited)",
				);
				GCC_WARN_64_TO_32_BIT_CONVERSION = YES;
				GCC_WARN_ABOUT_RETURN_TYPE = YES_ERROR;
				GCC_WARN_UNDECLARED_SELECTOR = YES;
				GCC_WARN_UNINITIALIZED_AUTOS = YES_AGGRESSIVE;
				GCC_WARN_UNUSED_FUNCTION = YES;
				GCC_WARN_UNUSED_VARIABLE = YES;
				IPHONEOS_DEPLOYMENT_TARGET = 17.0;
				LOCALIZATION_PREFERS_STRING_CATALOGS = YES;
				MTL_ENABLE_DEBUG_INFO = INCLUDE_SOURCE;
				MTL_FAST_MATH = YES;
				ONLY_ACTIVE_ARCH = YES;
				SDKROOT = iphoneos;
				SWIFT_ACTIVE_COMPILATION_CONDITIONS = "DEBUG $(inherited)";
				SWIFT_OPTIMIZATION_LEVEL = "-Onone";
			};
			name = Debug;
		};
		ECCF12F62B0402C400750B61 /* Release */ = {
			isa = XCBuildConfiguration;
			buildSettings = {
				ALWAYS_SEARCH_USER_PATHS = NO;
				ASSETCATALOG_COMPILER_GENERATE_SWIFT_ASSET_SYMBOL_EXTENSIONS = YES;
				CLANG_ANALYZER_NONNULL = YES;
				CLANG_ANALYZER_NUMBER_OBJECT_CONVERSION = YES_AGGRESSIVE;
				CLANG_CXX_LANGUAGE_STANDARD = "gnu++20";
				CLANG_ENABLE_MODULES = YES;
				CLANG_ENABLE_OBJC_ARC = YES;
				CLANG_ENABLE_OBJC_WEAK = YES;
				CLANG_WARN_BLOCK_CAPTURE_AUTORELEASING = YES;
				CLANG_WARN_BOOL_CONVERSION = YES;
				CLANG_WARN_COMMA = YES;
				CLANG_WARN_CONSTANT_CONVERSION = YES;
				CLANG_WARN_DEPRECATED_OBJC_IMPLEMENTATIONS = YES;
				CLANG_WARN_DIRECT_OBJC_ISA_USAGE = YES_ERROR;
				CLANG_WARN_DOCUMENTATION_COMMENTS = YES;
				CLANG_WARN_EMPTY_BODY = YES;
				CLANG_WARN_ENUM_CONVERSION = YES;
				CLANG_WARN_INFINITE_RECURSION = YES;
				CLANG_WARN_INT_CONVERSION = YES;
				CLANG_WARN_NON_LITERAL_NULL_CONVERSION = YES;
				CLANG_WARN_OBJC_IMPLICIT_RETAIN_SELF = YES;
				CLANG_WARN_OBJC_LITERAL_CONVERSION = YES;
				CLANG_WARN_OBJC_ROOT_CLASS = YES_ERROR;
				CLANG_WARN_QUOTED_INCLUDE_IN_FRAMEWORK_HEADER = YES;
				CLANG_WARN_RANGE_LOOP_ANALYSIS = YES;
				CLANG_WARN_STRICT_PROTOTYPES = YES;
				CLANG_WARN_SUSPICIOUS_MOVE = YES;
				CLANG_WARN_UNGUARDED_AVAILABILITY = YES_AGGRESSIVE;
				CLANG_WARN_UNREACHABLE_CODE = YES;
				CLANG_WARN__DUPLICATE_METHOD_MATCH = YES;
				COPY_PHASE_STRIP = NO;
				DEBUG_INFORMATION_FORMAT = "dwarf-with-dsym";
				ENABLE_NS_ASSERTIONS = NO;
				ENABLE_STRICT_OBJC_MSGSEND = YES;
				ENABLE_USER_SCRIPT_SANDBOXING = YES;
				GCC_C_LANGUAGE_STANDARD = gnu17;
				GCC_NO_COMMON_BLOCKS = YES;
				GCC_WARN_64_TO_32_BIT_CONVERSION = YES;
				GCC_WARN_ABOUT_RETURN_TYPE = YES_ERROR;
				GCC_WARN_UNDECLARED_SELECTOR = YES;
				GCC_WARN_UNINITIALIZED_AUTOS = YES_AGGRESSIVE;
				GCC_WARN_UNUSED_FUNCTION = YES;
				GCC_WARN_UNUSED_VARIABLE = YES;
				IPHONEOS_DEPLOYMENT_TARGET = 17.0;
				LOCALIZATION_PREFERS_STRING_CATALOGS = YES;
				MTL_ENABLE_DEBUG_INFO = NO;
				MTL_FAST_MATH = YES;
				SDKROOT = iphoneos;
				SWIFT_COMPILATION_MODE = wholemodule;
				VALIDATE_PRODUCT = YES;
			};
			name = Release;
		};
		ECCF12F82B0402C400750B61 /* Debug */ = {
			isa = XCBuildConfiguration;
			buildSettings = {
				ASSETCATALOG_COMPILER_APPICON_NAME = AppIcon;
				ASSETCATALOG_COMPILER_GLOBAL_ACCENT_COLOR_NAME = AccentColor;
				CODE_SIGN_STYLE = Automatic;
				CURRENT_PROJECT_VERSION = 1;
				DEVELOPMENT_ASSET_PATHS = "\"RecommendationChallenge/Preview Content\"";
				DEVELOPMENT_TEAM = 457CNACK2W;
				ENABLE_PREVIEWS = YES;
				GENERATE_INFOPLIST_FILE = YES;
				INFOPLIST_KEY_UIApplicationSceneManifest_Generation = YES;
				INFOPLIST_KEY_UIApplicationSupportsIndirectInputEvents = YES;
				INFOPLIST_KEY_UILaunchScreen_Generation = YES;
				INFOPLIST_KEY_UISupportedInterfaceOrientations_iPad = "UIInterfaceOrientationPortrait UIInterfaceOrientationPortraitUpsideDown UIInterfaceOrientationLandscapeLeft UIInterfaceOrientationLandscapeRight";
				INFOPLIST_KEY_UISupportedInterfaceOrientations_iPhone = "UIInterfaceOrientationPortrait UIInterfaceOrientationLandscapeLeft UIInterfaceOrientationLandscapeRight";
				LD_RUNPATH_SEARCH_PATHS = (
					"$(inherited)",
					"@executable_path/Frameworks",
				);
				MARKETING_VERSION = 1.0;
				PRODUCT_BUNDLE_IDENTIFIER = com.gisaaclopez.RecommendationChallenge;
				PRODUCT_NAME = "$(TARGET_NAME)";
				SWIFT_EMIT_LOC_STRINGS = YES;
				SWIFT_VERSION = 5.0;
				TARGETED_DEVICE_FAMILY = "1,2";
			};
			name = Debug;
		};
		ECCF12F92B0402C400750B61 /* Release */ = {
			isa = XCBuildConfiguration;
			buildSettings = {
				ASSETCATALOG_COMPILER_APPICON_NAME = AppIcon;
				ASSETCATALOG_COMPILER_GLOBAL_ACCENT_COLOR_NAME = AccentColor;
				CODE_SIGN_STYLE = Automatic;
				CURRENT_PROJECT_VERSION = 1;
				DEVELOPMENT_ASSET_PATHS = "\"RecommendationChallenge/Preview Content\"";
				DEVELOPMENT_TEAM = 457CNACK2W;
				ENABLE_PREVIEWS = YES;
				GENERATE_INFOPLIST_FILE = YES;
				INFOPLIST_KEY_UIApplicationSceneManifest_Generation = YES;
				INFOPLIST_KEY_UIApplicationSupportsIndirectInputEvents = YES;
				INFOPLIST_KEY_UILaunchScreen_Generation = YES;
				INFOPLIST_KEY_UISupportedInterfaceOrientations_iPad = "UIInterfaceOrientationPortrait UIInterfaceOrientationPortraitUpsideDown UIInterfaceOrientationLandscapeLeft UIInterfaceOrientationLandscapeRight";
				INFOPLIST_KEY_UISupportedInterfaceOrientations_iPhone = "UIInterfaceOrientationPortrait UIInterfaceOrientationLandscapeLeft UIInterfaceOrientationLandscapeRight";
				LD_RUNPATH_SEARCH_PATHS = (
					"$(inherited)",
					"@executable_path/Frameworks",
				);
				MARKETING_VERSION = 1.0;
				PRODUCT_BUNDLE_IDENTIFIER = com.gisaaclopez.RecommendationChallenge;
				PRODUCT_NAME = "$(TARGET_NAME)";
				SWIFT_EMIT_LOC_STRINGS = YES;
				SWIFT_VERSION = 5.0;
				TARGETED_DEVICE_FAMILY = "1,2";
			};
			name = Release;
		};
/* End XCBuildConfiguration section */

/* Begin XCConfigurationList section */
		ECCF12E42B0402C300750B61 /* Build configuration list for PBXProject "RecommendationChallenge" */ = {
			isa = XCConfigurationList;
			buildConfigurations = (
				ECCF12F52B0402C400750B61 /* Debug */,
				ECCF12F62B0402C400750B61 /* Release */,
			);
			defaultConfigurationIsVisible = 0;
			defaultConfigurationName = Release;
		};
		ECCF12F72B0402C400750B61 /* Build configuration list for PBXNativeTarget "RecommendationChallenge" */ = {
			isa = XCConfigurationList;
			buildConfigurations = (
				ECCF12F82B0402C400750B61 /* Debug */,
				ECCF12F92B0402C400750B61 /* Release */,
			);
			defaultConfigurationIsVisible = 0;
			defaultConfigurationName = Release;
		};
/* End XCConfigurationList section */
	};
	rootObject = ECCF12E12B0402C300750B61 /* Project object */;
}
